
Microsoft Visual Studio Solution File, Format Version 12.00
# Visual Studio Version 17
VisualStudioVersion = 17.1.32228.430
MinimumVisualStudioVersion = 10.0.40219.1
Project("{FAE04EC0-301F-11D3-BF4B-00C04F79EFBC}") = "AppCustoViagem.Android", "AppCustoViagem\AppCustoViagem.Android\AppCustoViagem.Android.csproj", "{D6900556-DE5A-4EC3-8D67-53599CBD1D5A}"
EndProject
Project("{FAE04EC0-301F-11D3-BF4B-00C04F79EFBC}") = "AppCustoViagem", "AppCustoViagem\AppCustoViagem\AppCustoViagem.csproj", "{2F1BAE34-E72F-4ED4-9C77-06030114BD47}"
EndProject
Global
	GlobalSection(SolutionConfigurationPlatforms) = preSolution
		Debug|Any CPU = Debug|Any CPU
		Release|Any CPU = Release|Any CPU
	EndGlobalSection
	GlobalSection(ProjectConfigurationPlatforms) = postSolution
		{D6900556-DE5A-4EC3-8D67-53599CBD1D5A}.Debug|Any CPU.ActiveCfg = Debug|Any CPU
		{D6900556-DE5A-4EC3-8D67-53599CBD1D5A}.Debug|Any CPU.Build.0 = Debug|Any CPU
		{D6900556-DE5A-4EC3-8D67-53599CBD1D5A}.Debug|Any CPU.Deploy.0 = Debug|Any CPU
		{D6900556-DE5A-4EC3-8D67-53599CBD1D5A}.Release|Any CPU.ActiveCfg = Release|Any CPU
		{D6900556-DE5A-4EC3-8D67-53599CBD1D5A}.Release|Any CPU.Build.0 = Release|Any CPU
		{D6900556-DE5A-4EC3-8D67-53599CBD1D5A}.Release|Any CPU.Deploy.0 = Release|Any CPU
		{2F1BAE34-E72F-4ED4-9C77-06030114BD47}.Debug|Any CPU.ActiveCfg = Debug|Any CPU
		{2F1BAE34-E72F-4ED4-9C77-06030114BD47}.Debug|Any CPU.Build.0 = Debug|Any CPU
		{2F1BAE34-E72F-4ED4-9C77-06030114BD47}.Debug|Any CPU.Deploy.0 = Debug|Any CPU
		{2F1BAE34-E72F-4ED4-9C77-06030114BD47}.Release|Any CPU.ActiveCfg = Release|Any CPU
		{2F1BAE34-E72F-4ED4-9C77-06030114BD47}.Release|Any CPU.Build.0 = Release|Any CPU
		{2F1BAE34-E72F-4ED4-9C77-06030114BD47}.Release|Any CPU.Deploy.0 = Release|Any CPU
	EndGlobalSection
	GlobalSection(SolutionProperties) = preSolution
		HideSolutionNode = FALSE
	EndGlobalSection
	GlobalSection(ExtensibilityGlobals) = postSolution
		SolutionGuid = {FF3246CB-F8B5-4FF1-B879-9352F9DE2F5E}
	EndGlobalSection
EndGlobal
